{
  "version": 4,
  "terraform_version": "1.8.5",
  "serial": 139,
  "lineage": "fd959d95-b41e-5dca-9e8b-fea5339e4dfb",
  "outputs": {},
  "resources": [
    {
      "mode": "managed",
      "type": "google_compute_network",
      "name": "vpc_network",
      "provider": "provider[\"registry.terraform.io/hashicorp/google\"]",
      "instances": [
        {
          "schema_version": 0,
          "attributes": {
            "auto_create_subnetworks": true,
            "delete_default_routes_on_create": false,
            "description": "",
            "enable_ula_internal_ipv6": false,
            "gateway_ipv4": "",
            "id": "projects/banded-charmer-478104-h0/global/networks/spark-vpc",
            "internal_ipv6_range": "",
            "mtu": 0,
            "name": "spark-vpc",
            "network_firewall_policy_enforcement_order": "AFTER_CLASSIC_FIREWALL",
            "numeric_id": "4911491673823771383",
            "project": "banded-charmer-478104-h0",
            "routing_mode": "REGIONAL",
            "self_link": "https://www.googleapis.com/compute/v1/projects/banded-charmer-478104-h0/global/networks/spark-vpc",
            "timeouts": null
          },
          "sensitive_attributes": [],
          "private": "eyJlMmJmYjczMC1lY2FhLTExZTYtOGY4OC0zNDM2M2JjN2M0YzAiOnsiY3JlYXRlIjoxMjAwMDAwMDAwMDAwLCJkZWxldGUiOjEyMDAwMDAwMDAwMDAsInVwZGF0ZSI6MTIwMDAwMDAwMDAwMH19"
        }
      ]
    }
  ],
  "check_results": null
}
