{
  "version": 4,
  "terraform_version": "1.8.5",
  "serial": 44,
  "lineage": "fd959d95-b41e-5dca-9e8b-fea5339e4dfb",
  "outputs": {
    "edge_public_ip": {
      "value": "34.87.118.218",
      "type": "string"
    },
    "master_ip": {
      "value": "10.0.0.5",
      "type": "string"
    },
    "storage_ip": {
      "value": "10.0.0.4",
      "type": "string"
    },
    "worker_ips": {
      "value": [
        "10.0.0.2",
        "10.0.0.6"
      ],
      "type": [
        "tuple",
        [
          "string",
          "string"
        ]
      ]
    }
  },
  "resources": [
    {
      "mode": "managed",
      "type": "google_compute_firewall",
      "name": "ssl_allowed",
      "provider": "provider[\"registry.terraform.io/hashicorp/google\"]",
      "instances": [
        {
          "schema_version": 1,
          "attributes": {
            "allow": [
              {
                "ports": [
                  "22"
                ],
                "protocol": "tcp"
              }
            ],
            "creation_timestamp": "2025-11-20T07:23:39.384-08:00",
            "deny": [],
            "description": "",
            "destination_ranges": [],
            "direction": "INGRESS",
            "disabled": false,
            "enable_logging": null,
            "id": "projects/banded-charmer-478104-h0/global/firewalls/ssh-allowed",
            "log_config": [],
            "name": "ssh-allowed",
            "network": "https://www.googleapis.com/compute/v1/projects/banded-charmer-478104-h0/global/networks/spark-vpc",
            "priority": 1000,
            "project": "banded-charmer-478104-h0",
            "self_link": "https://www.googleapis.com/compute/v1/projects/banded-charmer-478104-h0/global/firewalls/ssh-allowed",
            "source_ranges": [
              "0.0.0.0/0"
            ],
            "source_service_accounts": null,
            "source_tags": null,
            "target_service_accounts": null,
            "target_tags": null,
            "timeouts": null
          },
          "sensitive_attributes": [],
          "private": "eyJlMmJmYjczMC1lY2FhLTExZTYtOGY4OC0zNDM2M2JjN2M0YzAiOnsiY3JlYXRlIjoxMjAwMDAwMDAwMDAwLCJkZWxldGUiOjEyMDAwMDAwMDAwMDAsInVwZGF0ZSI6MTIwMDAwMDAwMDAwMH0sInNjaGVtYV92ZXJzaW9uIjoiMSJ9",
          "dependencies": [
            "google_compute_network.vpc_network"
          ]
        }
      ]
    },
    {
      "mode": "managed",
      "type": "google_compute_instance",
      "name": "edge",
      "provider": "provider[\"registry.terraform.io/hashicorp/google\"]",
      "instances": [
        {
          "schema_version": 6,
          "attributes": {
            "advanced_machine_features": [],
            "allow_stopping_for_update": null,
            "attached_disk": [],
            "boot_disk": [
              {
                "auto_delete": true,
                "device_name": "persistent-disk-0",
                "disk_encryption_key_raw": "",
                "disk_encryption_key_sha256": "",
                "initialize_params": [
                  {
                    "enable_confidential_compute": false,
                    "image": "https://www.googleapis.com/compute/v1/projects/ubuntu-os-cloud/global/images/ubuntu-2204-jammy-v20251111",
                    "labels": {},
                    "provisioned_iops": 0,
                    "provisioned_throughput": 0,
                    "resource_manager_tags": {},
                    "size": 10,
                    "storage_pool": "",
                    "type": "pd-standard"
                  }
                ],
                "kms_key_self_link": "",
                "mode": "READ_WRITE",
                "source": "https://www.googleapis.com/compute/v1/projects/banded-charmer-478104-h0/zones/asia-southeast1-a/disks/edge-node"
              }
            ],
            "can_ip_forward": false,
            "confidential_instance_config": [],
            "cpu_platform": "Intel Broadwell",
            "current_status": "RUNNING",
            "deletion_protection": false,
            "description": "",
            "desired_status": null,
            "effective_labels": {},
            "enable_display": false,
            "guest_accelerator": [],
            "hostname": "",
            "id": "projects/banded-charmer-478104-h0/zones/asia-southeast1-a/instances/edge-node",
            "instance_id": "8066755918562498813",
            "label_fingerprint": "42WmSpB8rSM=",
            "labels": {},
            "machine_type": "e2-small",
            "metadata": {
              "ssh-keys": "ubuntu:ssh-rsa AAAAB3NzaC1yc2EAAAADAQABAAACAQCiETBrwrvE8uupoOnze0Rug/ak6JuJ9H5iFMZMpkYp3djPK6MXEJBfcJGoaj1wDbV50747zZyMArDoUwCKBlBLFU2w8HUwQvzULAtRjaLe/4bvacH4n5LHVUUKYVRkVfT2H/SFvSmxGyIXSCgSvoRaxU6Yjm/Hrc2DWBDNepquQB4mkVDUQC6KYevvv0SOtr7MLIS3I2MQmEmKcp1r/UWjYu3pKXQ7Wiq+fR/znbQsN1Q8MaZ0w/wEI087quF53OtCj1pdclDVEzyCBXyw6MFZC86a5NHCuPVxMkuSxUh0GJhXP+BPDZHN96jn/2fa/kjtgP+YBZGCR8QmJE9RWQwEd6o75N167OzIE0782VeYtbviRhzopZsr0hx3xmc+iYHZ4I1fAmAn/iPerOGLNMGoynCe/Za3xPRNKM3m8OK7G0dJjbtfVL6GCzjTT0ZGCDDn61sscF0vDyvjxyU/WpGN0EPdAeWKeZb6BwpRO7Cgswobsb7km3wHg9xWaBWSj/vt/WRE50QsWKH3MQe3UUGKYu3PNo7zf0sJ34FV2UQ6YzQKAGaE1aXnMakGpyzyipQcFDKioSF8sHegVsuhQ7674DVGHfCOhqsBrggRKwZ7YTPiZ4Xl4Zv67XPVt3r97VBrnO9TNhwlkt+9B6HY2BTIvZFO4PN+N2dntCk1Wa+gRw== butbunbut@gmail.com\n"
            },
            "metadata_fingerprint": "WCa7OEg9reU=",
            "metadata_startup_script": null,
            "min_cpu_platform": "",
            "name": "edge-node",
            "network_interface": [
              {
                "access_config": [
                  {
                    "nat_ip": "34.87.118.218",
                    "network_tier": "PREMIUM",
                    "public_ptr_domain_name": ""
                  }
                ],
                "alias_ip_range": [],
                "internal_ipv6_prefix_length": 0,
                "ipv6_access_config": [],
                "ipv6_access_type": "",
                "ipv6_address": "",
                "name": "nic0",
                "network": "https://www.googleapis.com/compute/v1/projects/banded-charmer-478104-h0/global/networks/spark-vpc",
                "network_ip": "10.0.0.3",
                "nic_type": "",
                "queue_count": 0,
                "stack_type": "IPV4_ONLY",
                "subnetwork": "https://www.googleapis.com/compute/v1/projects/banded-charmer-478104-h0/regions/asia-southeast1/subnetworks/spark-subnet",
                "subnetwork_project": "banded-charmer-478104-h0"
              }
            ],
            "network_performance_config": [],
            "params": [],
            "project": "banded-charmer-478104-h0",
            "reservation_affinity": [],
            "resource_policies": [],
            "scheduling": [
              {
                "automatic_restart": true,
                "instance_termination_action": "",
                "local_ssd_recovery_timeout": [],
                "max_run_duration": [],
                "min_node_cpus": 0,
                "node_affinities": [],
                "on_host_maintenance": "MIGRATE",
                "on_instance_stop_action": [],
                "preemptible": false,
                "provisioning_model": "STANDARD"
              }
            ],
            "scratch_disk": [],
            "self_link": "https://www.googleapis.com/compute/v1/projects/banded-charmer-478104-h0/zones/asia-southeast1-a/instances/edge-node",
            "service_account": [],
            "shielded_instance_config": [
              {
                "enable_integrity_monitoring": true,
                "enable_secure_boot": false,
                "enable_vtpm": true
              }
            ],
            "tags": [],
            "tags_fingerprint": "42WmSpB8rSM=",
            "terraform_labels": {},
            "timeouts": null,
            "zone": "asia-southeast1-a"
          },
          "sensitive_attributes": [
            [
              {
                "type": "get_attr",
                "value": "boot_disk"
              },
              {
                "type": "index",
                "value": {
                  "value": 0,
                  "type": "number"
                }
              },
              {
                "type": "get_attr",
                "value": "disk_encryption_key_raw"
              }
            ]
          ],
          "private": "eyJlMmJmYjczMC1lY2FhLTExZTYtOGY4OC0zNDM2M2JjN2M0YzAiOnsiY3JlYXRlIjoxMjAwMDAwMDAwMDAwLCJkZWxldGUiOjEyMDAwMDAwMDAwMDAsInVwZGF0ZSI6MTIwMDAwMDAwMDAwMH0sInNjaGVtYV92ZXJzaW9uIjoiNiJ9",
          "dependencies": [
            "google_compute_network.vpc_network",
            "google_compute_subnetwork.subnet"
          ]
        }
      ]
    },
    {
      "mode": "managed",
      "type": "google_compute_instance",
      "name": "master",
      "provider": "provider[\"registry.terraform.io/hashicorp/google\"]",
      "instances": [
        {
          "schema_version": 6,
          "attributes": {
            "advanced_machine_features": [],
            "allow_stopping_for_update": null,
            "attached_disk": [],
            "boot_disk": [
              {
                "auto_delete": true,
                "device_name": "persistent-disk-0",
                "disk_encryption_key_raw": "",
                "disk_encryption_key_sha256": "",
                "initialize_params": [
                  {
                    "enable_confidential_compute": false,
                    "image": "https://www.googleapis.com/compute/v1/projects/ubuntu-os-cloud/global/images/ubuntu-2204-jammy-v20251111",
                    "labels": {},
                    "provisioned_iops": 0,
                    "provisioned_throughput": 0,
                    "resource_manager_tags": {},
                    "size": 20,
                    "storage_pool": "",
                    "type": "pd-standard"
                  }
                ],
                "kms_key_self_link": "",
                "mode": "READ_WRITE",
                "source": "https://www.googleapis.com/compute/v1/projects/banded-charmer-478104-h0/zones/asia-southeast1-a/disks/spark-master"
              }
            ],
            "can_ip_forward": false,
            "confidential_instance_config": [],
            "cpu_platform": "Intel Broadwell",
            "current_status": "RUNNING",
            "deletion_protection": false,
            "description": "",
            "desired_status": null,
            "effective_labels": {},
            "enable_display": false,
            "guest_accelerator": [],
            "hostname": "",
            "id": "projects/banded-charmer-478104-h0/zones/asia-southeast1-a/instances/spark-master",
            "instance_id": "6509016136941738237",
            "label_fingerprint": "42WmSpB8rSM=",
            "labels": {},
            "machine_type": "e2-medium",
            "metadata": {
              "ssh-keys": "ubuntu:ssh-rsa AAAAB3NzaC1yc2EAAAADAQABAAACAQCiETBrwrvE8uupoOnze0Rug/ak6JuJ9H5iFMZMpkYp3djPK6MXEJBfcJGoaj1wDbV50747zZyMArDoUwCKBlBLFU2w8HUwQvzULAtRjaLe/4bvacH4n5LHVUUKYVRkVfT2H/SFvSmxGyIXSCgSvoRaxU6Yjm/Hrc2DWBDNepquQB4mkVDUQC6KYevvv0SOtr7MLIS3I2MQmEmKcp1r/UWjYu3pKXQ7Wiq+fR/znbQsN1Q8MaZ0w/wEI087quF53OtCj1pdclDVEzyCBXyw6MFZC86a5NHCuPVxMkuSxUh0GJhXP+BPDZHN96jn/2fa/kjtgP+YBZGCR8QmJE9RWQwEd6o75N167OzIE0782VeYtbviRhzopZsr0hx3xmc+iYHZ4I1fAmAn/iPerOGLNMGoynCe/Za3xPRNKM3m8OK7G0dJjbtfVL6GCzjTT0ZGCDDn61sscF0vDyvjxyU/WpGN0EPdAeWKeZb6BwpRO7Cgswobsb7km3wHg9xWaBWSj/vt/WRE50QsWKH3MQe3UUGKYu3PNo7zf0sJ34FV2UQ6YzQKAGaE1aXnMakGpyzyipQcFDKioSF8sHegVsuhQ7674DVGHfCOhqsBrggRKwZ7YTPiZ4Xl4Zv67XPVt3r97VBrnO9TNhwlkt+9B6HY2BTIvZFO4PN+N2dntCk1Wa+gRw== butbunbut@gmail.com\n"
            },
            "metadata_fingerprint": "WCa7OEg9reU=",
            "metadata_startup_script": null,
            "min_cpu_platform": "",
            "name": "spark-master",
            "network_interface": [
              {
                "access_config": [],
                "alias_ip_range": [],
                "internal_ipv6_prefix_length": 0,
                "ipv6_access_config": [],
                "ipv6_access_type": "",
                "ipv6_address": "",
                "name": "nic0",
                "network": "https://www.googleapis.com/compute/v1/projects/banded-charmer-478104-h0/global/networks/spark-vpc",
                "network_ip": "10.0.0.5",
                "nic_type": "",
                "queue_count": 0,
                "stack_type": "IPV4_ONLY",
                "subnetwork": "https://www.googleapis.com/compute/v1/projects/banded-charmer-478104-h0/regions/asia-southeast1/subnetworks/spark-subnet",
                "subnetwork_project": "banded-charmer-478104-h0"
              }
            ],
            "network_performance_config": [],
            "params": [],
            "project": "banded-charmer-478104-h0",
            "reservation_affinity": [],
            "resource_policies": [],
            "scheduling": [
              {
                "automatic_restart": true,
                "instance_termination_action": "",
                "local_ssd_recovery_timeout": [],
                "max_run_duration": [],
                "min_node_cpus": 0,
                "node_affinities": [],
                "on_host_maintenance": "MIGRATE",
                "on_instance_stop_action": [],
                "preemptible": false,
                "provisioning_model": "STANDARD"
              }
            ],
            "scratch_disk": [],
            "self_link": "https://www.googleapis.com/compute/v1/projects/banded-charmer-478104-h0/zones/asia-southeast1-a/instances/spark-master",
            "service_account": [],
            "shielded_instance_config": [
              {
                "enable_integrity_monitoring": true,
                "enable_secure_boot": false,
                "enable_vtpm": true
              }
            ],
            "tags": [],
            "tags_fingerprint": "42WmSpB8rSM=",
            "terraform_labels": {},
            "timeouts": null,
            "zone": "asia-southeast1-a"
          },
          "sensitive_attributes": [
            [
              {
                "type": "get_attr",
                "value": "boot_disk"
              },
              {
                "type": "index",
                "value": {
                  "value": 0,
                  "type": "number"
                }
              },
              {
                "type": "get_attr",
                "value": "disk_encryption_key_raw"
              }
            ]
          ],
          "private": "eyJlMmJmYjczMC1lY2FhLTExZTYtOGY4OC0zNDM2M2JjN2M0YzAiOnsiY3JlYXRlIjoxMjAwMDAwMDAwMDAwLCJkZWxldGUiOjEyMDAwMDAwMDAwMDAsInVwZGF0ZSI6MTIwMDAwMDAwMDAwMH0sInNjaGVtYV92ZXJzaW9uIjoiNiJ9",
          "dependencies": [
            "google_compute_network.vpc_network",
            "google_compute_subnetwork.subnet"
          ]
        }
      ]
    },
    {
      "mode": "managed",
      "type": "google_compute_instance",
      "name": "storage",
      "provider": "provider[\"registry.terraform.io/hashicorp/google\"]",
      "instances": [
        {
          "schema_version": 6,
          "attributes": {
            "advanced_machine_features": [],
            "allow_stopping_for_update": null,
            "attached_disk": [],
            "boot_disk": [
              {
                "auto_delete": true,
                "device_name": "persistent-disk-0",
                "disk_encryption_key_raw": "",
                "disk_encryption_key_sha256": "",
                "initialize_params": [
                  {
                    "enable_confidential_compute": false,
                    "image": "https://www.googleapis.com/compute/v1/projects/ubuntu-os-cloud/global/images/ubuntu-2204-jammy-v20251111",
                    "labels": {},
                    "provisioned_iops": 0,
                    "provisioned_throughput": 0,
                    "resource_manager_tags": {},
                    "size": 50,
                    "storage_pool": "",
                    "type": "pd-standard"
                  }
                ],
                "kms_key_self_link": "",
                "mode": "READ_WRITE",
                "source": "https://www.googleapis.com/compute/v1/projects/banded-charmer-478104-h0/zones/asia-southeast1-a/disks/storage-node"
              }
            ],
            "can_ip_forward": false,
            "confidential_instance_config": [],
            "cpu_platform": "Intel Broadwell",
            "current_status": "RUNNING",
            "deletion_protection": false,
            "description": "",
            "desired_status": null,
            "effective_labels": {},
            "enable_display": false,
            "guest_accelerator": [],
            "hostname": "",
            "id": "projects/banded-charmer-478104-h0/zones/asia-southeast1-a/instances/storage-node",
            "instance_id": "6166505169534228733",
            "label_fingerprint": "42WmSpB8rSM=",
            "labels": {},
            "machine_type": "e2-medium",
            "metadata": {
              "ssh-keys": "ubuntu:ssh-rsa AAAAB3NzaC1yc2EAAAADAQABAAACAQCiETBrwrvE8uupoOnze0Rug/ak6JuJ9H5iFMZMpkYp3djPK6MXEJBfcJGoaj1wDbV50747zZyMArDoUwCKBlBLFU2w8HUwQvzULAtRjaLe/4bvacH4n5LHVUUKYVRkVfT2H/SFvSmxGyIXSCgSvoRaxU6Yjm/Hrc2DWBDNepquQB4mkVDUQC6KYevvv0SOtr7MLIS3I2MQmEmKcp1r/UWjYu3pKXQ7Wiq+fR/znbQsN1Q8MaZ0w/wEI087quF53OtCj1pdclDVEzyCBXyw6MFZC86a5NHCuPVxMkuSxUh0GJhXP+BPDZHN96jn/2fa/kjtgP+YBZGCR8QmJE9RWQwEd6o75N167OzIE0782VeYtbviRhzopZsr0hx3xmc+iYHZ4I1fAmAn/iPerOGLNMGoynCe/Za3xPRNKM3m8OK7G0dJjbtfVL6GCzjTT0ZGCDDn61sscF0vDyvjxyU/WpGN0EPdAeWKeZb6BwpRO7Cgswobsb7km3wHg9xWaBWSj/vt/WRE50QsWKH3MQe3UUGKYu3PNo7zf0sJ34FV2UQ6YzQKAGaE1aXnMakGpyzyipQcFDKioSF8sHegVsuhQ7674DVGHfCOhqsBrggRKwZ7YTPiZ4Xl4Zv67XPVt3r97VBrnO9TNhwlkt+9B6HY2BTIvZFO4PN+N2dntCk1Wa+gRw== butbunbut@gmail.com\n"
            },
            "metadata_fingerprint": "WCa7OEg9reU=",
            "metadata_startup_script": null,
            "min_cpu_platform": "",
            "name": "storage-node",
            "network_interface": [
              {
                "access_config": [],
                "alias_ip_range": [],
                "internal_ipv6_prefix_length": 0,
                "ipv6_access_config": [],
                "ipv6_access_type": "",
                "ipv6_address": "",
                "name": "nic0",
                "network": "https://www.googleapis.com/compute/v1/projects/banded-charmer-478104-h0/global/networks/spark-vpc",
                "network_ip": "10.0.0.4",
                "nic_type": "",
                "queue_count": 0,
                "stack_type": "IPV4_ONLY",
                "subnetwork": "https://www.googleapis.com/compute/v1/projects/banded-charmer-478104-h0/regions/asia-southeast1/subnetworks/spark-subnet",
                "subnetwork_project": "banded-charmer-478104-h0"
              }
            ],
            "network_performance_config": [],
            "params": [],
            "project": "banded-charmer-478104-h0",
            "reservation_affinity": [],
            "resource_policies": [],
            "scheduling": [
              {
                "automatic_restart": true,
                "instance_termination_action": "",
                "local_ssd_recovery_timeout": [],
                "max_run_duration": [],
                "min_node_cpus": 0,
                "node_affinities": [],
                "on_host_maintenance": "MIGRATE",
                "on_instance_stop_action": [],
                "preemptible": false,
                "provisioning_model": "STANDARD"
              }
            ],
            "scratch_disk": [],
            "self_link": "https://www.googleapis.com/compute/v1/projects/banded-charmer-478104-h0/zones/asia-southeast1-a/instances/storage-node",
            "service_account": [],
            "shielded_instance_config": [
              {
                "enable_integrity_monitoring": true,
                "enable_secure_boot": false,
                "enable_vtpm": true
              }
            ],
            "tags": [],
            "tags_fingerprint": "42WmSpB8rSM=",
            "terraform_labels": {},
            "timeouts": null,
            "zone": "asia-southeast1-a"
          },
          "sensitive_attributes": [
            [
              {
                "type": "get_attr",
                "value": "boot_disk"
              },
              {
                "type": "index",
                "value": {
                  "value": 0,
                  "type": "number"
                }
              },
              {
                "type": "get_attr",
                "value": "disk_encryption_key_raw"
              }
            ]
          ],
          "private": "eyJlMmJmYjczMC1lY2FhLTExZTYtOGY4OC0zNDM2M2JjN2M0YzAiOnsiY3JlYXRlIjoxMjAwMDAwMDAwMDAwLCJkZWxldGUiOjEyMDAwMDAwMDAwMDAsInVwZGF0ZSI6MTIwMDAwMDAwMDAwMH0sInNjaGVtYV92ZXJzaW9uIjoiNiJ9",
          "dependencies": [
            "google_compute_network.vpc_network",
            "google_compute_subnetwork.subnet"
          ]
        }
      ]
    },
    {
      "mode": "managed",
      "type": "google_compute_instance",
      "name": "workers",
      "provider": "provider[\"registry.terraform.io/hashicorp/google\"]",
      "instances": [
        {
          "index_key": 0,
          "schema_version": 6,
          "attributes": {
            "advanced_machine_features": [],
            "allow_stopping_for_update": null,
            "attached_disk": [],
            "boot_disk": [
              {
                "auto_delete": true,
                "device_name": "persistent-disk-0",
                "disk_encryption_key_raw": "",
                "disk_encryption_key_sha256": "",
                "initialize_params": [
                  {
                    "enable_confidential_compute": false,
                    "image": "https://www.googleapis.com/compute/v1/projects/ubuntu-os-cloud/global/images/ubuntu-2204-jammy-v20251111",
                    "labels": {},
                    "provisioned_iops": 0,
                    "provisioned_throughput": 0,
                    "resource_manager_tags": {},
                    "size": 20,
                    "storage_pool": "",
                    "type": "pd-standard"
                  }
                ],
                "kms_key_self_link": "",
                "mode": "READ_WRITE",
                "source": "https://www.googleapis.com/compute/v1/projects/banded-charmer-478104-h0/zones/asia-southeast1-a/disks/spark-worker-0"
              }
            ],
            "can_ip_forward": false,
            "confidential_instance_config": [],
            "cpu_platform": "Intel Broadwell",
            "current_status": "RUNNING",
            "deletion_protection": false,
            "description": "",
            "desired_status": null,
            "effective_labels": {},
            "enable_display": false,
            "guest_accelerator": [],
            "hostname": "",
            "id": "projects/banded-charmer-478104-h0/zones/asia-southeast1-a/instances/spark-worker-0",
            "instance_id": "2523027924927551742",
            "label_fingerprint": "42WmSpB8rSM=",
            "labels": {},
            "machine_type": "e2-medium",
            "metadata": {
              "ssh-keys": "ubuntu:ssh-rsa AAAAB3NzaC1yc2EAAAADAQABAAACAQCiETBrwrvE8uupoOnze0Rug/ak6JuJ9H5iFMZMpkYp3djPK6MXEJBfcJGoaj1wDbV50747zZyMArDoUwCKBlBLFU2w8HUwQvzULAtRjaLe/4bvacH4n5LHVUUKYVRkVfT2H/SFvSmxGyIXSCgSvoRaxU6Yjm/Hrc2DWBDNepquQB4mkVDUQC6KYevvv0SOtr7MLIS3I2MQmEmKcp1r/UWjYu3pKXQ7Wiq+fR/znbQsN1Q8MaZ0w/wEI087quF53OtCj1pdclDVEzyCBXyw6MFZC86a5NHCuPVxMkuSxUh0GJhXP+BPDZHN96jn/2fa/kjtgP+YBZGCR8QmJE9RWQwEd6o75N167OzIE0782VeYtbviRhzopZsr0hx3xmc+iYHZ4I1fAmAn/iPerOGLNMGoynCe/Za3xPRNKM3m8OK7G0dJjbtfVL6GCzjTT0ZGCDDn61sscF0vDyvjxyU/WpGN0EPdAeWKeZb6BwpRO7Cgswobsb7km3wHg9xWaBWSj/vt/WRE50QsWKH3MQe3UUGKYu3PNo7zf0sJ34FV2UQ6YzQKAGaE1aXnMakGpyzyipQcFDKioSF8sHegVsuhQ7674DVGHfCOhqsBrggRKwZ7YTPiZ4Xl4Zv67XPVt3r97VBrnO9TNhwlkt+9B6HY2BTIvZFO4PN+N2dntCk1Wa+gRw== butbunbut@gmail.com\n"
            },
            "metadata_fingerprint": "WCa7OEg9reU=",
            "metadata_startup_script": null,
            "min_cpu_platform": "",
            "name": "spark-worker-0",
            "network_interface": [
              {
                "access_config": [],
                "alias_ip_range": [],
                "internal_ipv6_prefix_length": 0,
                "ipv6_access_config": [],
                "ipv6_access_type": "",
                "ipv6_address": "",
                "name": "nic0",
                "network": "https://www.googleapis.com/compute/v1/projects/banded-charmer-478104-h0/global/networks/spark-vpc",
                "network_ip": "10.0.0.2",
                "nic_type": "",
                "queue_count": 0,
                "stack_type": "IPV4_ONLY",
                "subnetwork": "https://www.googleapis.com/compute/v1/projects/banded-charmer-478104-h0/regions/asia-southeast1/subnetworks/spark-subnet",
                "subnetwork_project": "banded-charmer-478104-h0"
              }
            ],
            "network_performance_config": [],
            "params": [],
            "project": "banded-charmer-478104-h0",
            "reservation_affinity": [],
            "resource_policies": [],
            "scheduling": [
              {
                "automatic_restart": true,
                "instance_termination_action": "",
                "local_ssd_recovery_timeout": [],
                "max_run_duration": [],
                "min_node_cpus": 0,
                "node_affinities": [],
                "on_host_maintenance": "MIGRATE",
                "on_instance_stop_action": [],
                "preemptible": false,
                "provisioning_model": "STANDARD"
              }
            ],
            "scratch_disk": [],
            "self_link": "https://www.googleapis.com/compute/v1/projects/banded-charmer-478104-h0/zones/asia-southeast1-a/instances/spark-worker-0",
            "service_account": [],
            "shielded_instance_config": [
              {
                "enable_integrity_monitoring": true,
                "enable_secure_boot": false,
                "enable_vtpm": true
              }
            ],
            "tags": [],
            "tags_fingerprint": "42WmSpB8rSM=",
            "terraform_labels": {},
            "timeouts": null,
            "zone": "asia-southeast1-a"
          },
          "sensitive_attributes": [
            [
              {
                "type": "get_attr",
                "value": "boot_disk"
              },
              {
                "type": "index",
                "value": {
                  "value": 0,
                  "type": "number"
                }
              },
              {
                "type": "get_attr",
                "value": "disk_encryption_key_raw"
              }
            ]
          ],
          "private": "eyJlMmJmYjczMC1lY2FhLTExZTYtOGY4OC0zNDM2M2JjN2M0YzAiOnsiY3JlYXRlIjoxMjAwMDAwMDAwMDAwLCJkZWxldGUiOjEyMDAwMDAwMDAwMDAsInVwZGF0ZSI6MTIwMDAwMDAwMDAwMH0sInNjaGVtYV92ZXJzaW9uIjoiNiJ9",
          "dependencies": [
            "google_compute_network.vpc_network",
            "google_compute_subnetwork.subnet"
          ]
        },
        {
          "index_key": 1,
          "schema_version": 6,
          "attributes": {
            "advanced_machine_features": [],
            "allow_stopping_for_update": null,
            "attached_disk": [],
            "boot_disk": [
              {
                "auto_delete": true,
                "device_name": "persistent-disk-0",
                "disk_encryption_key_raw": "",
                "disk_encryption_key_sha256": "",
                "initialize_params": [
                  {
                    "enable_confidential_compute": false,
                    "image": "https://www.googleapis.com/compute/v1/projects/ubuntu-os-cloud/global/images/ubuntu-2204-jammy-v20251111",
                    "labels": {},
                    "provisioned_iops": 0,
                    "provisioned_throughput": 0,
                    "resource_manager_tags": {},
                    "size": 20,
                    "storage_pool": "",
                    "type": "pd-standard"
                  }
                ],
                "kms_key_self_link": "",
                "mode": "READ_WRITE",
                "source": "https://www.googleapis.com/compute/v1/projects/banded-charmer-478104-h0/zones/asia-southeast1-a/disks/spark-worker-1"
              }
            ],
            "can_ip_forward": false,
            "confidential_instance_config": [],
            "cpu_platform": "Intel Broadwell",
            "current_status": "RUNNING",
            "deletion_protection": false,
            "description": "",
            "desired_status": null,
            "effective_labels": {},
            "enable_display": false,
            "guest_accelerator": [],
            "hostname": "",
            "id": "projects/banded-charmer-478104-h0/zones/asia-southeast1-a/instances/spark-worker-1",
            "instance_id": "1384233418160773372",
            "label_fingerprint": "42WmSpB8rSM=",
            "labels": {},
            "machine_type": "e2-medium",
            "metadata": {
              "ssh-keys": "ubuntu:ssh-rsa AAAAB3NzaC1yc2EAAAADAQABAAACAQCiETBrwrvE8uupoOnze0Rug/ak6JuJ9H5iFMZMpkYp3djPK6MXEJBfcJGoaj1wDbV50747zZyMArDoUwCKBlBLFU2w8HUwQvzULAtRjaLe/4bvacH4n5LHVUUKYVRkVfT2H/SFvSmxGyIXSCgSvoRaxU6Yjm/Hrc2DWBDNepquQB4mkVDUQC6KYevvv0SOtr7MLIS3I2MQmEmKcp1r/UWjYu3pKXQ7Wiq+fR/znbQsN1Q8MaZ0w/wEI087quF53OtCj1pdclDVEzyCBXyw6MFZC86a5NHCuPVxMkuSxUh0GJhXP+BPDZHN96jn/2fa/kjtgP+YBZGCR8QmJE9RWQwEd6o75N167OzIE0782VeYtbviRhzopZsr0hx3xmc+iYHZ4I1fAmAn/iPerOGLNMGoynCe/Za3xPRNKM3m8OK7G0dJjbtfVL6GCzjTT0ZGCDDn61sscF0vDyvjxyU/WpGN0EPdAeWKeZb6BwpRO7Cgswobsb7km3wHg9xWaBWSj/vt/WRE50QsWKH3MQe3UUGKYu3PNo7zf0sJ34FV2UQ6YzQKAGaE1aXnMakGpyzyipQcFDKioSF8sHegVsuhQ7674DVGHfCOhqsBrggRKwZ7YTPiZ4Xl4Zv67XPVt3r97VBrnO9TNhwlkt+9B6HY2BTIvZFO4PN+N2dntCk1Wa+gRw== butbunbut@gmail.com\n"
            },
            "metadata_fingerprint": "WCa7OEg9reU=",
            "metadata_startup_script": null,
            "min_cpu_platform": "",
            "name": "spark-worker-1",
            "network_interface": [
              {
                "access_config": [],
                "alias_ip_range": [],
                "internal_ipv6_prefix_length": 0,
                "ipv6_access_config": [],
                "ipv6_access_type": "",
                "ipv6_address": "",
                "name": "nic0",
                "network": "https://www.googleapis.com/compute/v1/projects/banded-charmer-478104-h0/global/networks/spark-vpc",
                "network_ip": "10.0.0.6",
                "nic_type": "",
                "queue_count": 0,
                "stack_type": "IPV4_ONLY",
                "subnetwork": "https://www.googleapis.com/compute/v1/projects/banded-charmer-478104-h0/regions/asia-southeast1/subnetworks/spark-subnet",
                "subnetwork_project": "banded-charmer-478104-h0"
              }
            ],
            "network_performance_config": [],
            "params": [],
            "project": "banded-charmer-478104-h0",
            "reservation_affinity": [],
            "resource_policies": [],
            "scheduling": [
              {
                "automatic_restart": true,
                "instance_termination_action": "",
                "local_ssd_recovery_timeout": [],
                "max_run_duration": [],
                "min_node_cpus": 0,
                "node_affinities": [],
                "on_host_maintenance": "MIGRATE",
                "on_instance_stop_action": [],
                "preemptible": false,
                "provisioning_model": "STANDARD"
              }
            ],
            "scratch_disk": [],
            "self_link": "https://www.googleapis.com/compute/v1/projects/banded-charmer-478104-h0/zones/asia-southeast1-a/instances/spark-worker-1",
            "service_account": [],
            "shielded_instance_config": [
              {
                "enable_integrity_monitoring": true,
                "enable_secure_boot": false,
                "enable_vtpm": true
              }
            ],
            "tags": [],
            "tags_fingerprint": "42WmSpB8rSM=",
            "terraform_labels": {},
            "timeouts": null,
            "zone": "asia-southeast1-a"
          },
          "sensitive_attributes": [
            [
              {
                "type": "get_attr",
                "value": "boot_disk"
              },
              {
                "type": "index",
                "value": {
                  "value": 0,
                  "type": "number"
                }
              },
              {
                "type": "get_attr",
                "value": "disk_encryption_key_raw"
              }
            ]
          ],
          "private": "eyJlMmJmYjczMC1lY2FhLTExZTYtOGY4OC0zNDM2M2JjN2M0YzAiOnsiY3JlYXRlIjoxMjAwMDAwMDAwMDAwLCJkZWxldGUiOjEyMDAwMDAwMDAwMDAsInVwZGF0ZSI6MTIwMDAwMDAwMDAwMH0sInNjaGVtYV92ZXJzaW9uIjoiNiJ9",
          "dependencies": [
            "google_compute_network.vpc_network",
            "google_compute_subnetwork.subnet"
          ]
        }
      ]
    },
    {
      "mode": "managed",
      "type": "google_compute_network",
      "name": "vpc_network",
      "provider": "provider[\"registry.terraform.io/hashicorp/google\"]",
      "instances": [
        {
          "schema_version": 0,
          "attributes": {
            "auto_create_subnetworks": true,
            "delete_default_routes_on_create": false,
            "description": "",
            "enable_ula_internal_ipv6": false,
            "gateway_ipv4": "",
            "id": "projects/banded-charmer-478104-h0/global/networks/spark-vpc",
            "internal_ipv6_range": "",
            "mtu": 0,
            "name": "spark-vpc",
            "network_firewall_policy_enforcement_order": "AFTER_CLASSIC_FIREWALL",
            "numeric_id": "6679447568892730147",
            "project": "banded-charmer-478104-h0",
            "routing_mode": "REGIONAL",
            "self_link": "https://www.googleapis.com/compute/v1/projects/banded-charmer-478104-h0/global/networks/spark-vpc",
            "timeouts": null
          },
          "sensitive_attributes": [],
          "private": "eyJlMmJmYjczMC1lY2FhLTExZTYtOGY4OC0zNDM2M2JjN2M0YzAiOnsiY3JlYXRlIjoxMjAwMDAwMDAwMDAwLCJkZWxldGUiOjEyMDAwMDAwMDAwMDAsInVwZGF0ZSI6MTIwMDAwMDAwMDAwMH19"
        }
      ]
    },
    {
      "mode": "managed",
      "type": "google_compute_subnetwork",
      "name": "subnet",
      "provider": "provider[\"registry.terraform.io/hashicorp/google\"]",
      "instances": [
        {
          "schema_version": 0,
          "attributes": {
            "creation_timestamp": "2025-11-20T06:30:17.677-08:00",
            "description": "",
            "external_ipv6_prefix": "",
            "fingerprint": null,
            "gateway_address": "10.0.0.1",
            "id": "projects/banded-charmer-478104-h0/regions/asia-southeast1/subnetworks/spark-subnet",
            "internal_ipv6_prefix": "",
            "ip_cidr_range": "10.0.0.0/16",
            "ipv6_access_type": "",
            "ipv6_cidr_range": "",
            "log_config": [],
            "name": "spark-subnet",
            "network": "https://www.googleapis.com/compute/v1/projects/banded-charmer-478104-h0/global/networks/spark-vpc",
            "private_ip_google_access": false,
            "private_ipv6_google_access": "DISABLE_GOOGLE_ACCESS",
            "project": "banded-charmer-478104-h0",
            "purpose": "PRIVATE",
            "region": "asia-southeast1",
            "role": "",
            "secondary_ip_range": [],
            "self_link": "https://www.googleapis.com/compute/v1/projects/banded-charmer-478104-h0/regions/asia-southeast1/subnetworks/spark-subnet",
            "send_secondary_ip_range_if_empty": null,
            "stack_type": "IPV4_ONLY",
            "timeouts": null
          },
          "sensitive_attributes": [],
          "private": "eyJlMmJmYjczMC1lY2FhLTExZTYtOGY4OC0zNDM2M2JjN2M0YzAiOnsiY3JlYXRlIjoxMjAwMDAwMDAwMDAwLCJkZWxldGUiOjEyMDAwMDAwMDAwMDAsInVwZGF0ZSI6MTIwMDAwMDAwMDAwMH19",
          "dependencies": [
            "google_compute_network.vpc_network"
          ]
        }
      ]
    }
  ],
  "check_results": null
}
